
Microsoft Visual Studio Solution File, Format Version 12.00
# Visual Studio Version 17
VisualStudioVersion = 17.6.33829.357
MinimumVisualStudioVersion = 10.0.40219.1
Project("{FAE04EC0-301F-11D3-BF4B-00C04F79EFBC}") = "ProiectEchivalareErasmus", "ProiectEchivalareErasmus\ProiectEchivalareErasmus.csproj", "{55FEFBAF-C954-4B67-A9D9-7A42E8707720}"
EndProject
Global
	GlobalSection(SolutionConfigurationPlatforms) = preSolution
		Debug|Any CPU = Debug|Any CPU
		Release|Any CPU = Release|Any CPU
	EndGlobalSection
	GlobalSection(ProjectConfigurationPlatforms) = postSolution
		{55FEFBAF-C954-4B67-A9D9-7A42E8707720}.Debug|Any CPU.ActiveCfg = Debug|Any CPU
		{55FEFBAF-C954-4B67-A9D9-7A42E8707720}.Debug|Any CPU.Build.0 = Debug|Any CPU
		{55FEFBAF-C954-4B67-A9D9-7A42E8707720}.Release|Any CPU.ActiveCfg = Release|Any CPU
		{55FEFBAF-C954-4B67-A9D9-7A42E8707720}.Release|Any CPU.Build.0 = Release|Any CPU
	EndGlobalSection
	GlobalSection(SolutionProperties) = preSolution
		HideSolutionNode = FALSE
	EndGlobalSection
	GlobalSection(ExtensibilityGlobals) = postSolution
		SolutionGuid = {6E8BD859-9B20-4C66-9D2B-C09B4951E5A7}
	EndGlobalSection
EndGlobal
